
Microsoft Visual Studio Solution File, Format Version 12.00
# Visual Studio Version 16
VisualStudioVersion = 25.0.1700.0
MinimumVisualStudioVersion = 10.0.40219.1
Project("{FAE04EC0-301F-11D3-BF4B-00C04F79EFBC}") = "cardpicker-project", "cardpicker-project.csproj", "{ED71E714-2846-4E24-AA74-404919069147}"
EndProject
Global
	GlobalSection(SolutionConfigurationPlatforms) = preSolution
		Debug|Any CPU = Debug|Any CPU
		Release|Any CPU = Release|Any CPU
	EndGlobalSection
	GlobalSection(ProjectConfigurationPlatforms) = postSolution
		{ED71E714-2846-4E24-AA74-404919069147}.Debug|Any CPU.ActiveCfg = Debug|Any CPU
		{ED71E714-2846-4E24-AA74-404919069147}.Debug|Any CPU.Build.0 = Debug|Any CPU
		{ED71E714-2846-4E24-AA74-404919069147}.Release|Any CPU.ActiveCfg = Release|Any CPU
		{ED71E714-2846-4E24-AA74-404919069147}.Release|Any CPU.Build.0 = Release|Any CPU
	EndGlobalSection
	GlobalSection(SolutionProperties) = preSolution
		HideSolutionNode = FALSE
	EndGlobalSection
	GlobalSection(ExtensibilityGlobals) = postSolution
		SolutionGuid = {E8FA2CB4-895F-4472-8DE3-8BA4DA685CD7}
	EndGlobalSection
EndGlobal
